
Microsoft Visual Studio Solution File, Format Version 12.00
# Visual Studio Version 17
VisualStudioVersion = 17.12.35527.113 d17.12
MinimumVisualStudioVersion = 10.0.40219.1
Project("{FAE04EC0-301F-11D3-BF4B-00C04F79EFBC}") = "Nunit3Testing", "Nunit3Testing\Nunit3Testing.csproj", "{A82E2D76-BE7D-4A2B-A282-1E365321290E}"
EndProject
Project("{FAE04EC0-301F-11D3-BF4B-00C04F79EFBC}") = "Loans.Tests", "Loans.Tests\Loans.Tests.csproj", "{59D91E23-89F9-4A1B-BD69-6F1B4E3BD59E}"
EndProject
Global
	GlobalSection(SolutionConfigurationPlatforms) = preSolution
		Debug|Any CPU = Debug|Any CPU
		Release|Any CPU = Release|Any CPU
	EndGlobalSection
	GlobalSection(ProjectConfigurationPlatforms) = postSolution
		{A82E2D76-BE7D-4A2B-A282-1E365321290E}.Debug|Any CPU.ActiveCfg = Debug|Any CPU
		{A82E2D76-BE7D-4A2B-A282-1E365321290E}.Debug|Any CPU.Build.0 = Debug|Any CPU
		{A82E2D76-BE7D-4A2B-A282-1E365321290E}.Release|Any CPU.ActiveCfg = Release|Any CPU
		{A82E2D76-BE7D-4A2B-A282-1E365321290E}.Release|Any CPU.Build.0 = Release|Any CPU
		{59D91E23-89F9-4A1B-BD69-6F1B4E3BD59E}.Debug|Any CPU.ActiveCfg = Debug|Any CPU
		{59D91E23-89F9-4A1B-BD69-6F1B4E3BD59E}.Debug|Any CPU.Build.0 = Debug|Any CPU
		{59D91E23-89F9-4A1B-BD69-6F1B4E3BD59E}.Release|Any CPU.ActiveCfg = Release|Any CPU
		{59D91E23-89F9-4A1B-BD69-6F1B4E3BD59E}.Release|Any CPU.Build.0 = Release|Any CPU
	EndGlobalSection
	GlobalSection(SolutionProperties) = preSolution
		HideSolutionNode = FALSE
	EndGlobalSection
EndGlobal
